// !$*UTF8*$!
{
	archiveVersion = 1;
	classes = {
	};
	objectVersion = 48;
	objects = {

/* Begin PBXBuildFile section */
		F77B252F20028FE5000CBF21 /* AppDelegate.swift in Sources */ = {isa = PBXBuildFile; fileRef = F77B252E20028FE5000CBF21 /* AppDelegate.swift */; };
		F77B253120028FE5000CBF21 /* ViewController.swift in Sources */ = {isa = PBXBuildFile; fileRef = F77B253020028FE5000CBF21 /* ViewController.swift */; };
		F77B253420028FE5000CBF21 /* Main.storyboard in Resources */ = {isa = PBXBuildFile; fileRef = F77B253220028FE5000CBF21 /* Main.storyboard */; };
		F77B253620028FE5000CBF21 /* Assets.xcassets in Resources */ = {isa = PBXBuildFile; fileRef = F77B253520028FE5000CBF21 /* Assets.xcassets */; };
		F77B253920028FE5000CBF21 /* LaunchScreen.storyboard in Resources */ = {isa = PBXBuildFile; fileRef = F77B253720028FE5000CBF21 /* LaunchScreen.storyboard */; };
		F77B2541200298AB000CBF21 /* PagingViewController.swift in Sources */ = {isa = PBXBuildFile; fileRef = F77B2540200298AB000CBF21 /* PagingViewController.swift */; };
		F77B254320029D54000CBF21 /* PinchToZoomViewController.swift in Sources */ = {isa = PBXBuildFile; fileRef = F77B254220029D54000CBF21 /* PinchToZoomViewController.swift */; };
		F77B25482002A4D5000CBF21 /* TwitterProfileViewController.swift in Sources */ = {isa = PBXBuildFile; fileRef = F77B25472002A4D5000CBF21 /* TwitterProfileViewController.swift */; };
/* End PBXBuildFile section */

/* Begin PBXFileReference section */
		F77B252B20028FE5000CBF21 /* ScrollViewPractice.app */ = {isa = PBXFileReference; explicitFileType = wrapper.application; includeInIndex = 0; path = ScrollViewPractice.app; sourceTree = BUILT_PRODUCTS_DIR; };
		F77B252E20028FE5000CBF21 /* AppDelegate.swift */ = {isa = PBXFileReference; lastKnownFileType = sourcecode.swift; path = AppDelegate.swift; sourceTree = "<group>"; };
		F77B253020028FE5000CBF21 /* ViewController.swift */ = {isa = PBXFileReference; lastKnownFileType = sourcecode.swift; path = ViewController.swift; sourceTree = "<group>"; };
		F77B253320028FE5000CBF21 /* Base */ = {isa = PBXFileReference; lastKnownFileType = file.storyboard; name = Base; path = Base.lproj/Main.storyboard; sourceTree = "<group>"; };
		F77B253520028FE5000CBF21 /* Assets.xcassets */ = {isa = PBXFileReference; lastKnownFileType = folder.assetcatalog; path = Assets.xcassets; sourceTree = "<group>"; };
		F77B253820028FE5000CBF21 /* Base */ = {isa = PBXFileReference; lastKnownFileType = file.storyboard; name = Base; path = Base.lproj/LaunchScreen.storyboard; sourceTree = "<group>"; };
		F77B253A20028FE5000CBF21 /* Info.plist */ = {isa = PBXFileReference; lastKnownFileType = text.plist.xml; path = Info.plist; sourceTree = "<group>"; };
		F77B2540200298AB000CBF21 /* PagingViewController.swift */ = {isa = PBXFileReference; lastKnownFileType = sourcecode.swift; path = PagingViewController.swift; sourceTree = "<group>"; };
		F77B254220029D54000CBF21 /* PinchToZoomViewController.swift */ = {isa = PBXFileReference; lastKnownFileType = sourcecode.swift; path = PinchToZoomViewController.swift; sourceTree = "<group>"; };
		F77B25472002A4D5000CBF21 /* TwitterProfileViewController.swift */ = {isa = PBXFileReference; lastKnownFileType = sourcecode.swift; path = TwitterProfileViewController.swift; sourceTree = "<group>"; };
/* End PBXFileReference section */

/* Begin PBXFrameworksBuildPhase section */
		F77B252820028FE5000CBF21 /* Frameworks */ = {
			isa = PBXFrameworksBuildPhase;
			buildActionMask = 2147483647;
			files = (
			);
			runOnlyForDeploymentPostprocessing = 0;
		};
/* End PBXFrameworksBuildPhase section */

/* Begin PBXGroup section */
		F77B252220028FE5000CBF21 = {
			isa = PBXGroup;
			children = (
				F77B252D20028FE5000CBF21 /* ScrollViewPractice */,
				F77B252C20028FE5000CBF21 /* Products */,
			);
			sourceTree = "<group>";
		};
		F77B252C20028FE5000CBF21 /* Products */ = {
			isa = PBXGroup;
			children = (
				F77B252B20028FE5000CBF21 /* ScrollViewPractice.app */,
			);
			name = Products;
			sourceTree = "<group>";
		};
		F77B252D20028FE5000CBF21 /* ScrollViewPractice */ = {
			isa = PBXGroup;
			children = (
				F77B25462002A4BA000CBF21 /* Image Pinching */,
				F77B25452002A4A7000CBF21 /* Verical Scrolling */,
				F77B25442002A496000CBF21 /* Paging */,
				F77B252E20028FE5000CBF21 /* AppDelegate.swift */,
				F77B253220028FE5000CBF21 /* Main.storyboard */,
				F77B253520028FE5000CBF21 /* Assets.xcassets */,
				F77B253720028FE5000CBF21 /* LaunchScreen.storyboard */,
				F77B253A20028FE5000CBF21 /* Info.plist */,
				F77B25472002A4D5000CBF21 /* TwitterProfileViewController.swift */,
			);
			path = ScrollViewPractice;
			sourceTree = "<group>";
		};
		F77B25442002A496000CBF21 /* Paging */ = {
			isa = PBXGroup;
			children = (
				F77B2540200298AB000CBF21 /* PagingViewController.swift */,
			);
			path = Paging;
			sourceTree = "<group>";
		};
		F77B25452002A4A7000CBF21 /* Verical Scrolling */ = {
			isa = PBXGroup;
			children = (
				F77B253020028FE5000CBF21 /* ViewController.swift */,
			);
			path = "Verical Scrolling";
			sourceTree = "<group>";
		};
		F77B25462002A4BA000CBF21 /* Image Pinching */ = {
			isa = PBXGroup;
			children = (
				F77B254220029D54000CBF21 /* PinchToZoomViewController.swift */,
			);
			path = "Image Pinching";
			sourceTree = "<group>";
		};
/* End PBXGroup section */

/* Begin PBXNativeTarget section */
		F77B252A20028FE5000CBF21 /* ScrollViewPractice */ = {
			isa = PBXNativeTarget;
			buildConfigurationList = F77B253D20028FE5000CBF21 /* Build configuration list for PBXNativeTarget "ScrollViewPractice" */;
			buildPhases = (
				F77B252720028FE5000CBF21 /* Sources */,
				F77B252820028FE5000CBF21 /* Frameworks */,
				F77B252920028FE5000CBF21 /* Resources */,
			);
			buildRules = (
			);
			dependencies = (
			);
			name = ScrollViewPractice;
			productName = ScrollViewPractice;
			productReference = F77B252B20028FE5000CBF21 /* ScrollViewPractice.app */;
			productType = "com.apple.product-type.application";
		};
/* End PBXNativeTarget section */

/* Begin PBXProject section */
		F77B252320028FE5000CBF21 /* Project object */ = {
			isa = PBXProject;
			attributes = {
				LastSwiftUpdateCheck = 0920;
				LastUpgradeCheck = 0920;
				ORGANIZATIONNAME = "Eduardo Carrillo";
				TargetAttributes = {
					F77B252A20028FE5000CBF21 = {
						CreatedOnToolsVersion = 9.2;
						ProvisioningStyle = Automatic;
					};
				};
			};
			buildConfigurationList = F77B252620028FE5000CBF21 /* Build configuration list for PBXProject "ScrollViewPractice" */;
			compatibilityVersion = "Xcode 8.0";
			developmentRegion = en;
			hasScannedForEncodings = 0;
			knownRegions = (
				en,
				Base,
			);
			mainGroup = F77B252220028FE5000CBF21;
			productRefGroup = F77B252C20028FE5000CBF21 /* Products */;
			projectDirPath = "";
			projectRoot = "";
			targets = (
				F77B252A20028FE5000CBF21 /* ScrollViewPractice */,
			);
		};
/* End PBXProject section */

/* Begin PBXResourcesBuildPhase section */
		F77B252920028FE5000CBF21 /* Resources */ = {
			isa = PBXResourcesBuildPhase;
			buildActionMask = 2147483647;
			files = (
				F77B253920028FE5000CBF21 /* LaunchScreen.storyboard in Resources */,
				F77B253620028FE5000CBF21 /* Assets.xcassets in Resources */,
				F77B253420028FE5000CBF21 /* Main.storyboard in Resources */,
			);
			runOnlyForDeploymentPostprocessing = 0;
		};
/* End PBXResourcesBuildPhase section */

/* Begin PBXSourcesBuildPhase section */
		F77B252720028FE5000CBF21 /* Sources */ = {
			isa = PBXSourcesBuildPhase;
			buildActionMask = 2147483647;
			files = (
				F77B2541200298AB000CBF21 /* PagingViewController.swift in Sources */,
				F77B253120028FE5000CBF21 /* ViewController.swift in Sources */,
				F77B25482002A4D5000CBF21 /* TwitterProfileViewController.swift in Sources */,
				F77B252F20028FE5000CBF21 /* AppDelegate.swift in Sources */,
				F77B254320029D54000CBF21 /* PinchToZoomViewController.swift in Sources */,
			);
			runOnlyForDeploymentPostprocessing = 0;
		};
/* End PBXSourcesBuildPhase section */

/* Begin PBXVariantGroup section */
		F77B253220028FE5000CBF21 /* Main.storyboard */ = {
			isa = PBXVariantGroup;
			children = (
				F77B253320028FE5000CBF21 /* Base */,
			);
			name = Main.storyboard;
			sourceTree = "<group>";
		};
		F77B253720028FE5000CBF21 /* LaunchScreen.storyboard */ = {
			isa = PBXVariantGroup;
			children = (
				F77B253820028FE5000CBF21 /* Base */,
			);
			name = LaunchScreen.storyboard;
			sourceTree = "<group>";
		};
/* End PBXVariantGroup section */

/* Begin XCBuildConfiguration section */
		F77B253B20028FE5000CBF21 /* Debug */ = {
			isa = XCBuildConfiguration;
			buildSettings = {
				ALWAYS_SEARCH_USER_PATHS = NO;
				CLANG_ANALYZER_NONNULL = YES;
				CLANG_ANALYZER_NUMBER_OBJECT_CONVERSION = YES_AGGRESSIVE;
				CLANG_CXX_LANGUAGE_STANDARD = "gnu++14";
				CLANG_CXX_LIBRARY = "libc++";
				CLANG_ENABLE_MODULES = YES;
				CLANG_ENABLE_OBJC_ARC = YES;
				CLANG_WARN_BLOCK_CAPTURE_AUTORELEASING = YES;
				CLANG_WARN_BOOL_CONVERSION = YES;
				CLANG_WARN_COMMA = YES;
				CLANG_WARN_CONSTANT_CONVERSION = YES;
				CLANG_WARN_DIRECT_OBJC_ISA_USAGE = YES_ERROR;
				CLANG_WARN_DOCUMENTATION_COMMENTS = YES;
				CLANG_WARN_EMPTY_BODY = YES;
				CLANG_WARN_ENUM_CONVERSION = YES;
				CLANG_WARN_INFINITE_RECURSION = YES;
				CLANG_WARN_INT_CONVERSION = YES;
				CLANG_WARN_NON_LITERAL_NULL_CONVERSION = YES;
				CLANG_WARN_OBJC_LITERAL_CONVERSION = YES;
				CLANG_WARN_OBJC_ROOT_CLASS = YES_ERROR;
				CLANG_WARN_RANGE_LOOP_ANALYSIS = YES;
				CLANG_WARN_STRICT_PROTOTYPES = YES;
				CLANG_WARN_SUSPICIOUS_MOVE = YES;
				CLANG_WARN_UNGUARDED_AVAILABILITY = YES_AGGRESSIVE;
				CLANG_WARN_UNREACHABLE_CODE = YES;
				CLANG_WARN__DUPLICATE_METHOD_MATCH = YES;
				CODE_SIGN_IDENTITY = "iPhone Developer";
				COPY_PHASE_STRIP = NO;
				DEBUG_INFORMATION_FORMAT = dwarf;
				ENABLE_STRICT_OBJC_MSGSEND = YES;
				ENABLE_TESTABILITY = YES;
				GCC_C_LANGUAGE_STANDARD = gnu11;
				GCC_DYNAMIC_NO_PIC = NO;
				GCC_NO_COMMON_BLOCKS = YES;
				GCC_OPTIMIZATION_LEVEL = 0;
				GCC_PREPROCESSOR_DEFINITIONS = (
					"DEBUG=1",
					"$(inherited)",
				);
				GCC_WARN_64_TO_32_BIT_CONVERSION = YES;
				GCC_WARN_ABOUT_RETURN_TYPE = YES_ERROR;
				GCC_WARN_UNDECLARED_SELECTOR = YES;
				GCC_WARN_UNINITIALIZED_AUTOS = YES_AGGRESSIVE;
				GCC_WARN_UNUSED_FUNCTION = YES;
				GCC_WARN_UNUSED_VARIABLE = YES;
				IPHONEOS_DEPLOYMENT_TARGET = 11.2;
				MTL_ENABLE_DEBUG_INFO = YES;
				ONLY_ACTIVE_ARCH = YES;
				SDKROOT = iphoneos;
				SWIFT_ACTIVE_COMPILATION_CONDITIONS = DEBUG;
				SWIFT_OPTIMIZATION_LEVEL = "-Onone";
			};
			name = Debug;
		};
		F77B253C20028FE5000CBF21 /* Release */ = {
			isa = XCBuildConfiguration;
			buildSettings = {
				ALWAYS_SEARCH_USER_PATHS = NO;
				CLANG_ANALYZER_NONNULL = YES;
				CLANG_ANALYZER_NUMBER_OBJECT_CONVERSION = YES_AGGRESSIVE;
				CLANG_CXX_LANGUAGE_STANDARD = "gnu++14";
				CLANG_CXX_LIBRARY = "libc++";
				CLANG_ENABLE_MODULES = YES;
				CLANG_ENABLE_OBJC_ARC = YES;
				CLANG_WARN_BLOCK_CAPTURE_AUTORELEASING = YES;
				CLANG_WARN_BOOL_CONVERSION = YES;
				CLANG_WARN_COMMA = YES;
				CLANG_WARN_CONSTANT_CONVERSION = YES;
				CLANG_WARN_DIRECT_OBJC_ISA_USAGE = YES_ERROR;
				CLANG_WARN_DOCUMENTATION_COMMENTS = YES;
				CLANG_WARN_EMPTY_BODY = YES;
				CLANG_WARN_ENUM_CONVERSION = YES;
				CLANG_WARN_INFINITE_RECURSION = YES;
				CLANG_WARN_INT_CONVERSION = YES;
				CLANG_WARN_NON_LITERAL_NULL_CONVERSION = YES;
				CLANG_WARN_OBJC_LITERAL_CONVERSION = YES;
				CLANG_WARN_OBJC_ROOT_CLASS = YES_ERROR;
				CLANG_WARN_RANGE_LOOP_ANALYSIS = YES;
				CLANG_WARN_STRICT_PROTOTYPES = YES;
				CLANG_WARN_SUSPICIOUS_MOVE = YES;
				CLANG_WARN_UNGUARDED_AVAILABILITY = YES_AGGRESSIVE;
				CLANG_WARN_UNREACHABLE_CODE = YES;
				CLANG_WARN__DUPLICATE_METHOD_MATCH = YES;
				CODE_SIGN_IDENTITY = "iPhone Developer";
				COPY_PHASE_STRIP = NO;
				DEBUG_INFORMATION_FORMAT = "dwarf-with-dsym";
				ENABLE_NS_ASSERTIONS = NO;
				ENABLE_STRICT_OBJC_MSGSEND = YES;
				GCC_C_LANGUAGE_STANDARD = gnu11;
				GCC_NO_COMMON_BLOCKS = YES;
				GCC_WARN_64_TO_32_BIT_CONVERSION = YES;
				GCC_WARN_ABOUT_RETURN_TYPE = YES_ERROR;
				GCC_WARN_UNDECLARED_SELECTOR = YES;
				GCC_WARN_UNINITIALIZED_AUTOS = YES_AGGRESSIVE;
				GCC_WARN_UNUSED_FUNCTION = YES;
				GCC_WARN_UNUSED_VARIABLE = YES;
				IPHONEOS_DEPLOYMENT_TARGET = 11.2;
				MTL_ENABLE_DEBUG_INFO = NO;
				SDKROOT = iphoneos;
				SWIFT_OPTIMIZATION_LEVEL = "-Owholemodule";
				VALIDATE_PRODUCT = YES;
			};
			name = Release;
		};
		F77B253E20028FE5000CBF21 /* Debug */ = {
			isa = XCBuildConfiguration;
			buildSettings = {
				ASSETCATALOG_COMPILER_APPICON_NAME = AppIcon;
				CODE_SIGN_STYLE = Automatic;
				INFOPLIST_FILE = ScrollViewPractice/Info.plist;
				LD_RUNPATH_SEARCH_PATHS = "$(inherited) @executable_path/Frameworks";
				PRODUCT_BUNDLE_IDENTIFIER = com.ecproductions.ScrollViewPractice;
				PRODUCT_NAME = "$(TARGET_NAME)";
				SWIFT_VERSION = 4.0;
				TARGETED_DEVICE_FAMILY = "1,2";
			};
			name = Debug;
		};
		F77B253F20028FE5000CBF21 /* Release */ = {
			isa = XCBuildConfiguration;
			buildSettings = {
				ASSETCATALOG_COMPILER_APPICON_NAME = AppIcon;
				CODE_SIGN_STYLE = Automatic;
				INFOPLIST_FILE = ScrollViewPractice/Info.plist;
				LD_RUNPATH_SEARCH_PATHS = "$(inherited) @executable_path/Frameworks";
				PRODUCT_BUNDLE_IDENTIFIER = com.ecproductions.ScrollViewPractice;
				PRODUCT_NAME = "$(TARGET_NAME)";
				SWIFT_VERSION = 4.0;
				TARGETED_DEVICE_FAMILY = "1,2";
			};
			name = Release;
		};
/* End XCBuildConfiguration section */

/* Begin XCConfigurationList section */
		F77B252620028FE5000CBF21 /* Build configuration list for PBXProject "ScrollViewPractice" */ = {
			isa = XCConfigurationList;
			buildConfigurations = (
				F77B253B20028FE5000CBF21 /* Debug */,
				F77B253C20028FE5000CBF21 /* Release */,
			);
			defaultConfigurationIsVisible = 0;
			defaultConfigurationName = Release;
		};
		F77B253D20028FE5000CBF21 /* Build configuration list for PBXNativeTarget "ScrollViewPractice" */ = {
			isa = XCConfigurationList;
			buildConfigurations = (
				F77B253E20028FE5000CBF21 /* Debug */,
				F77B253F20028FE5000CBF21 /* Release */,
			);
			defaultConfigurationIsVisible = 0;
			defaultConfigurationName = Release;
		};
/* End XCConfigurationList section */
	};
	rootObject = F77B252320028FE5000CBF21 /* Project object */;
}
